{
  "version": 4,
  "terraform_version": "1.3.0",
  "serial": 278,
  "lineage": "a1996b00-8af9-cea1-ccc9-aa307eab2e68",
  "outputs": {
    "workspace_id": {
      "value": "740fef99-74af-4c9e-b562-0936b973b0e2/2308580975354876",
      "type": "string"
    },
    "workspace_url": {
      "value": "https://dbc-bbfef816-9cd6.cloud.databricks.com",
      "type": "string"
    }
  },
  "resources": [
    {
      "mode": "data",
      "type": "aws_subnet",
      "name": "ws_vpc_subnets",
      "provider": "provider[\"registry.terraform.io/hashicorp/aws\"]",
      "instances": [
        {
          "index_key": "subnet-03aa8dd090afaf1cb",
          "schema_version": 0,
          "attributes": {
            "arn": "arn:aws:ec2:eu-central-1:674867276416:subnet/subnet-03aa8dd090afaf1cb",
            "assign_ipv6_address_on_creation": false,
            "availability_zone": "eu-central-1b",
            "availability_zone_id": "euc1-az3",
            "available_ip_address_count": 1019,
            "cidr_block": "10.0.144.0/22",
            "customer_owned_ipv4_pool": "",
            "default_for_az": false,
            "enable_dns64": false,
            "enable_resource_name_dns_a_record_on_launch": false,
            "enable_resource_name_dns_aaaa_record_on_launch": false,
            "filter": null,
            "id": "subnet-03aa8dd090afaf1cb",
            "ipv6_cidr_block": "",
            "ipv6_cidr_block_association_id": "",
            "ipv6_native": false,
            "map_customer_owned_ip_on_launch": false,
            "map_public_ip_on_launch": false,
            "outpost_arn": "",
            "owner_id": "674867276416",
            "private_dns_hostname_type_on_launch": "ip-name",
            "state": "available",
            "tags": {
              "Name": "project-subnet-private2-eu-central-1b"
            },
            "vpc_id": "vpc-02968c7d84070f1c3"
          },
          "sensitive_attributes": []
        },
        {
          "index_key": "subnet-0d9a110072bbf0282",
          "schema_version": 0,
          "attributes": {
            "arn": "arn:aws:ec2:eu-central-1:674867276416:subnet/subnet-0d9a110072bbf0282",
            "assign_ipv6_address_on_creation": false,
            "availability_zone": "eu-central-1a",
            "availability_zone_id": "euc1-az2",
            "available_ip_address_count": 1019,
            "cidr_block": "10.0.128.0/22",
            "customer_owned_ipv4_pool": "",
            "default_for_az": false,
            "enable_dns64": false,
            "enable_resource_name_dns_a_record_on_launch": false,
            "enable_resource_name_dns_aaaa_record_on_launch": false,
            "filter": null,
            "id": "subnet-0d9a110072bbf0282",
            "ipv6_cidr_block": "",
            "ipv6_cidr_block_association_id": "",
            "ipv6_native": false,
            "map_customer_owned_ip_on_launch": false,
            "map_public_ip_on_launch": false,
            "outpost_arn": "",
            "owner_id": "674867276416",
            "private_dns_hostname_type_on_launch": "ip-name",
            "state": "available",
            "tags": {
              "Name": "project-subnet-private1-eu-central-1a"
            },
            "vpc_id": "vpc-02968c7d84070f1c3"
          },
          "sensitive_attributes": []
        }
      ]
    },
    {
      "mode": "data",
      "type": "aws_vpc",
      "name": "prod",
      "provider": "provider[\"registry.terraform.io/hashicorp/aws\"]",
      "instances": [
        {
          "schema_version": 0,
          "attributes": {
            "arn": "arn:aws:ec2:eu-central-1:674867276416:vpc/vpc-02968c7d84070f1c3",
            "cidr_block": "10.0.0.0/16",
            "cidr_block_associations": [
              {
                "association_id": "vpc-cidr-assoc-0d8c3d3e8ef3a2d10",
                "cidr_block": "10.0.0.0/16",
                "state": "associated"
              }
            ],
            "default": false,
            "dhcp_options_id": "dopt-0a5916a0c0ec56dc6",
            "enable_dns_hostnames": true,
            "enable_dns_support": true,
            "filter": null,
            "id": "vpc-02968c7d84070f1c3",
            "instance_tenancy": "default",
            "ipv6_association_id": "",
            "ipv6_cidr_block": "",
            "main_route_table_id": "rtb-00ecb51f9b51be145",
            "owner_id": "674867276416",
            "state": null,
            "tags": {
              "Name": "project-vpc"
            }
          },
          "sensitive_attributes": []
        }
      ]
    },
    {
      "mode": "data",
      "type": "databricks_aws_bucket_policy",
      "name": "this",
      "provider": "provider[\"registry.terraform.io/databricks/databricks\"]",
      "instances": [
        {
          "schema_version": 0,
          "attributes": {
            "bucket": "private-link-ws-rootbucket-bidule",
            "databricks_account_id": "414351767826",
            "full_access_role": null,
            "id": "private-link-ws-rootbucket-bidule",
            "json": "{\n  \"Version\": \"2012-10-17\",\n  \"Statement\": [\n    {\n      \"Effect\": \"Allow\",\n      \"Action\": [\n        \"s3:GetObject\",\n        \"s3:GetObjectVersion\",\n        \"s3:PutObject\",\n        \"s3:DeleteObject\",\n        \"s3:ListBucket\",\n        \"s3:GetBucketLocation\"\n      ],\n      \"Resource\": [\n        \"arn:aws:s3:::private-link-ws-rootbucket-bidule/*\",\n        \"arn:aws:s3:::private-link-ws-rootbucket-bidule\"\n      ],\n      \"Principal\": {\n        \"AWS\": \"arn:aws:iam::414351767826:root\"\n      }\n    }\n  ]\n}"
          },
          "sensitive_attributes": []
        }
      ]
    },
    {
      "mode": "managed",
      "type": "aws_route_table",
      "name": "this",
      "provider": "provider[\"registry.terraform.io/hashicorp/aws\"]",
      "instances": [
        {
          "schema_version": 0,
          "attributes": {
            "arn": "arn:aws:ec2:eu-central-1:674867276416:route-table/rtb-0476bcabe7a3c59fe",
            "id": "rtb-0476bcabe7a3c59fe",
            "owner_id": "674867276416",
            "propagating_vgws": [],
            "route": [],
            "tags": {
              "Name": "private-link-ws-vpc-02968c7d84070f1c3-pl-local-route-tbl"
            },
            "tags_all": {
              "Name": "private-link-ws-vpc-02968c7d84070f1c3-pl-local-route-tbl"
            },
            "timeouts": null,
            "vpc_id": "vpc-02968c7d84070f1c3"
          },
          "sensitive_attributes": [],
          "private": "eyJlMmJmYjczMC1lY2FhLTExZTYtOGY4OC0zNDM2M2JjN2M0YzAiOnsiY3JlYXRlIjozMDAwMDAwMDAwMDAsImRlbGV0ZSI6MzAwMDAwMDAwMDAwLCJ1cGRhdGUiOjEyMDAwMDAwMDAwMH19",
          "dependencies": [
            "data.aws_vpc.prod"
          ]
        }
      ]
    },
    {
      "mode": "managed",
      "type": "aws_route_table_association",
      "name": "dataplane_vpce_rtb",
      "provider": "provider[\"registry.terraform.io/hashicorp/aws\"]",
      "instances": [
        {
          "schema_version": 0,
          "attributes": {
            "gateway_id": "",
            "id": "rtbassoc-0c798552f425b5d88",
            "route_table_id": "rtb-0476bcabe7a3c59fe",
            "subnet_id": "subnet-005e2ccfd7666a83c"
          },
          "sensitive_attributes": [],
          "private": "bnVsbA==",
          "dependencies": [
            "aws_route_table.this",
            "aws_subnet.dataplane_vpce",
            "data.aws_vpc.prod"
          ]
        }
      ]
    },
    {
      "mode": "managed",
      "type": "aws_s3_bucket",
      "name": "root_storage_bucket",
      "provider": "provider[\"registry.terraform.io/hashicorp/aws\"]",
      "instances": [
        {
          "schema_version": 0,
          "attributes": {
            "acceleration_status": "",
            "acl": "private",
            "arn": "arn:aws:s3:::private-link-ws-rootbucket-bidule",
            "bucket": "private-link-ws-rootbucket-bidule",
            "bucket_domain_name": "private-link-ws-rootbucket-bidule.s3.amazonaws.com",
            "bucket_prefix": null,
            "bucket_regional_domain_name": "private-link-ws-rootbucket-bidule.s3.eu-central-1.amazonaws.com",
            "cors_rule": [],
            "force_destroy": true,
            "grant": [
              {
                "id": "0429beb0fdcef871bb6778f4a89909c08046cf6a7918e8fa39b46234fc776299",
                "permissions": [
                  "FULL_CONTROL"
                ],
                "type": "CanonicalUser",
                "uri": ""
              }
            ],
            "hosted_zone_id": "Z21DNDUVLTQW6Q",
            "id": "private-link-ws-rootbucket-bidule",
            "lifecycle_rule": [],
            "logging": [],
            "object_lock_configuration": [],
            "object_lock_enabled": false,
            "policy": "{\"Version\":\"2012-10-17\",\"Statement\":[{\"Effect\":\"Allow\",\"Principal\":{\"AWS\":\"arn:aws:iam::414351767826:root\"},\"Action\":[\"s3:GetObject\",\"s3:GetObjectVersion\",\"s3:PutObject\",\"s3:DeleteObject\",\"s3:ListBucket\",\"s3:GetBucketLocation\"],\"Resource\":[\"arn:aws:s3:::private-link-ws-rootbucket-bidule/*\",\"arn:aws:s3:::private-link-ws-rootbucket-bidule\"]}]}",
            "region": "eu-central-1",
            "replication_configuration": [],
            "request_payer": "BucketOwner",
            "server_side_encryption_configuration": [
              {
                "rule": [
                  {
                    "apply_server_side_encryption_by_default": [
                      {
                        "kms_master_key_id": "",
                        "sse_algorithm": "AES256"
                      }
                    ],
                    "bucket_key_enabled": false
                  }
                ]
              }
            ],
            "tags": {
              "Name": "private-link-ws-rootbucket-bidule"
            },
            "tags_all": {
              "Name": "private-link-ws-rootbucket-bidule"
            },
            "versioning": [
              {
                "enabled": false,
                "mfa_delete": false
              }
            ],
            "website": [],
            "website_domain": null,
            "website_endpoint": null
          },
          "sensitive_attributes": [],
          "private": "bnVsbA=="
        }
      ]
    },
    {
      "mode": "managed",
      "type": "aws_s3_bucket_policy",
      "name": "root_bucket_policy",
      "provider": "provider[\"registry.terraform.io/hashicorp/aws\"]",
      "instances": [
        {
          "schema_version": 0,
          "attributes": {
            "bucket": "private-link-ws-rootbucket-bidule",
            "id": "private-link-ws-rootbucket-bidule",
            "policy": "{\"Statement\":[{\"Action\":[\"s3:GetObject\",\"s3:GetObjectVersion\",\"s3:PutObject\",\"s3:DeleteObject\",\"s3:ListBucket\",\"s3:GetBucketLocation\"],\"Effect\":\"Allow\",\"Principal\":{\"AWS\":\"arn:aws:iam::414351767826:root\"},\"Resource\":[\"arn:aws:s3:::private-link-ws-rootbucket-bidule/*\",\"arn:aws:s3:::private-link-ws-rootbucket-bidule\"]}],\"Version\":\"2012-10-17\"}"
          },
          "sensitive_attributes": [],
          "private": "bnVsbA==",
          "dependencies": [
            "aws_s3_bucket.root_storage_bucket",
            "aws_s3_bucket_public_access_block.root_storage_bucket",
            "data.databricks_aws_bucket_policy.this"
          ]
        }
      ]
    },
    {
      "mode": "managed",
      "type": "aws_s3_bucket_public_access_block",
      "name": "root_storage_bucket",
      "provider": "provider[\"registry.terraform.io/hashicorp/aws\"]",
      "instances": [
        {
          "schema_version": 0,
          "attributes": {
            "block_public_acls": true,
            "block_public_policy": true,
            "bucket": "private-link-ws-rootbucket-bidule",
            "id": "private-link-ws-rootbucket-bidule",
            "ignore_public_acls": true,
            "restrict_public_buckets": true
          },
          "sensitive_attributes": [],
          "private": "bnVsbA==",
          "dependencies": [
            "aws_s3_bucket.root_storage_bucket"
          ]
        }
      ]
    },
    {
      "mode": "managed",
      "type": "aws_s3_bucket_server_side_encryption_configuration",
      "name": "root_storage_bucket",
      "provider": "provider[\"registry.terraform.io/hashicorp/aws\"]",
      "instances": [
        {
          "schema_version": 0,
          "attributes": {
            "bucket": "private-link-ws-rootbucket-bidule",
            "expected_bucket_owner": "",
            "id": "private-link-ws-rootbucket-bidule",
            "rule": [
              {
                "apply_server_side_encryption_by_default": [
                  {
                    "kms_master_key_id": "",
                    "sse_algorithm": "AES256"
                  }
                ],
                "bucket_key_enabled": false
              }
            ]
          },
          "sensitive_attributes": [],
          "private": "bnVsbA==",
          "dependencies": [
            "aws_s3_bucket.root_storage_bucket"
          ]
        }
      ]
    },
    {
      "mode": "managed",
      "type": "aws_security_group",
      "name": "dataplane_vpce",
      "provider": "provider[\"registry.terraform.io/hashicorp/aws\"]",
      "instances": [
        {
          "schema_version": 1,
          "attributes": {
            "arn": "arn:aws:ec2:eu-central-1:674867276416:security-group/sg-02d44fbfa07966579",
            "description": "Security group shared with relay and workspace endpoints",
            "egress": [
              {
                "cidr_blocks": [
                  "10.0.176.0/24",
                  "10.0.144.0/22",
                  "10.0.128.0/22"
                ],
                "description": "Outbound rules",
                "from_port": 443,
                "ipv6_cidr_blocks": [],
                "prefix_list_ids": [],
                "protocol": "tcp",
                "security_groups": [],
                "self": false,
                "to_port": 443
              },
              {
                "cidr_blocks": [
                  "10.0.176.0/24",
                  "10.0.144.0/22",
                  "10.0.128.0/22"
                ],
                "description": "Outbound rules",
                "from_port": 6666,
                "ipv6_cidr_blocks": [],
                "prefix_list_ids": [],
                "protocol": "tcp",
                "security_groups": [],
                "self": false,
                "to_port": 6666
              }
            ],
            "id": "sg-02d44fbfa07966579",
            "ingress": [
              {
                "cidr_blocks": [
                  "10.0.176.0/24",
                  "10.0.144.0/22",
                  "10.0.128.0/22"
                ],
                "description": "Inbound rules",
                "from_port": 443,
                "ipv6_cidr_blocks": [],
                "prefix_list_ids": [],
                "protocol": "tcp",
                "security_groups": [],
                "self": false,
                "to_port": 443
              },
              {
                "cidr_blocks": [
                  "10.0.176.0/24",
                  "10.0.144.0/22",
                  "10.0.128.0/22"
                ],
                "description": "Inbound rules",
                "from_port": 6666,
                "ipv6_cidr_blocks": [],
                "prefix_list_ids": [],
                "protocol": "tcp",
                "security_groups": [],
                "self": false,
                "to_port": 6666
              }
            ],
            "name": "Data Plane VPC endpoint security group",
            "name_prefix": "",
            "owner_id": "674867276416",
            "revoke_rules_on_delete": false,
            "tags": {
              "Name": "private-link-ws-vpc-02968c7d84070f1c3-pl-vpce-sg-rules"
            },
            "tags_all": {
              "Name": "private-link-ws-vpc-02968c7d84070f1c3-pl-vpce-sg-rules"
            },
            "timeouts": null,
            "vpc_id": "vpc-02968c7d84070f1c3"
          },
          "sensitive_attributes": [],
          "private": "eyJlMmJmYjczMC1lY2FhLTExZTYtOGY4OC0zNDM2M2JjN2M0YzAiOnsiY3JlYXRlIjo2MDAwMDAwMDAwMDAsImRlbGV0ZSI6OTAwMDAwMDAwMDAwfSwic2NoZW1hX3ZlcnNpb24iOiIxIn0=",
          "dependencies": [
            "data.aws_subnet.ws_vpc_subnets",
            "data.aws_vpc.prod"
          ]
        }
      ]
    },
    {
      "mode": "managed",
      "type": "aws_subnet",
      "name": "dataplane_vpce",
      "provider": "provider[\"registry.terraform.io/hashicorp/aws\"]",
      "instances": [
        {
          "schema_version": 1,
          "attributes": {
            "arn": "arn:aws:ec2:eu-central-1:674867276416:subnet/subnet-005e2ccfd7666a83c",
            "assign_ipv6_address_on_creation": false,
            "availability_zone": "eu-central-1b",
            "availability_zone_id": "euc1-az3",
            "cidr_block": "10.0.176.0/24",
            "customer_owned_ipv4_pool": "",
            "enable_dns64": false,
            "enable_resource_name_dns_a_record_on_launch": false,
            "enable_resource_name_dns_aaaa_record_on_launch": false,
            "id": "subnet-005e2ccfd7666a83c",
            "ipv6_cidr_block": "",
            "ipv6_cidr_block_association_id": "",
            "ipv6_native": false,
            "map_customer_owned_ip_on_launch": false,
            "map_public_ip_on_launch": false,
            "outpost_arn": "",
            "owner_id": "674867276416",
            "private_dns_hostname_type_on_launch": "ip-name",
            "tags": {
              "Name": "private-link-ws-vpc-02968c7d84070f1c3-pl-vpce"
            },
            "tags_all": {
              "Name": "private-link-ws-vpc-02968c7d84070f1c3-pl-vpce"
            },
            "timeouts": null,
            "vpc_id": "vpc-02968c7d84070f1c3"
          },
          "sensitive_attributes": [],
          "private": "eyJlMmJmYjczMC1lY2FhLTExZTYtOGY4OC0zNDM2M2JjN2M0YzAiOnsiY3JlYXRlIjo2MDAwMDAwMDAwMDAsImRlbGV0ZSI6MTIwMDAwMDAwMDAwMH0sInNjaGVtYV92ZXJzaW9uIjoiMSJ9",
          "dependencies": [
            "data.aws_vpc.prod"
          ]
        }
      ]
    },
    {
      "mode": "managed",
      "type": "aws_vpc_endpoint",
      "name": "backend_rest",
      "provider": "provider[\"registry.terraform.io/hashicorp/aws\"]",
      "instances": [
        {
          "schema_version": 0,
          "attributes": {
            "arn": "arn:aws:ec2:eu-central-1:674867276416:vpc-endpoint/vpce-050fe80cac67be87d",
            "auto_accept": null,
            "cidr_blocks": [],
            "dns_entry": [
              {
                "dns_name": "vpce-050fe80cac67be87d-fnogusm7.vpce-svc-081f78503812597f7.eu-central-1.vpce.amazonaws.com",
                "hosted_zone_id": "Z273ZU8SZ5RJPC"
              },
              {
                "dns_name": "vpce-050fe80cac67be87d-fnogusm7-eu-central-1b.vpce-svc-081f78503812597f7.eu-central-1.vpce.amazonaws.com",
                "hosted_zone_id": "Z273ZU8SZ5RJPC"
              }
            ],
            "id": "vpce-050fe80cac67be87d",
            "network_interface_ids": [
              "eni-0a3ea98d8bc239311"
            ],
            "owner_id": "674867276416",
            "policy": "{\"Statement\":[{\"Action\":\"*\",\"Effect\":\"Allow\",\"Principal\":\"*\",\"Resource\":\"*\"}]}",
            "prefix_list_id": null,
            "private_dns_enabled": false,
            "requester_managed": false,
            "route_table_ids": [],
            "security_group_ids": [
              "sg-02d44fbfa07966579"
            ],
            "service_name": "com.amazonaws.vpce.eu-central-1.vpce-svc-081f78503812597f7",
            "state": "available",
            "subnet_ids": [
              "subnet-005e2ccfd7666a83c"
            ],
            "tags": {},
            "tags_all": {},
            "timeouts": null,
            "vpc_endpoint_type": "Interface",
            "vpc_id": "vpc-02968c7d84070f1c3"
          },
          "sensitive_attributes": [],
          "private": "eyJlMmJmYjczMC1lY2FhLTExZTYtOGY4OC0zNDM2M2JjN2M0YzAiOnsiY3JlYXRlIjo2MDAwMDAwMDAwMDAsImRlbGV0ZSI6NjAwMDAwMDAwMDAwLCJ1cGRhdGUiOjYwMDAwMDAwMDAwMH19",
          "dependencies": [
            "aws_security_group.dataplane_vpce",
            "aws_subnet.dataplane_vpce",
            "data.aws_subnet.ws_vpc_subnets",
            "data.aws_vpc.prod"
          ]
        }
      ]
    },
    {
      "mode": "managed",
      "type": "aws_vpc_endpoint",
      "name": "relay",
      "provider": "provider[\"registry.terraform.io/hashicorp/aws\"]",
      "instances": [
        {
          "schema_version": 0,
          "attributes": {
            "arn": "arn:aws:ec2:eu-central-1:674867276416:vpc-endpoint/vpce-06857eec5cfaba2e5",
            "auto_accept": null,
            "cidr_blocks": [],
            "dns_entry": [
              {
                "dns_name": "vpce-06857eec5cfaba2e5-7r78ze3s.vpce-svc-08e5dfca9572c85c4.eu-central-1.vpce.amazonaws.com",
                "hosted_zone_id": "Z273ZU8SZ5RJPC"
              },
              {
                "dns_name": "vpce-06857eec5cfaba2e5-7r78ze3s-eu-central-1b.vpce-svc-08e5dfca9572c85c4.eu-central-1.vpce.amazonaws.com",
                "hosted_zone_id": "Z273ZU8SZ5RJPC"
              }
            ],
            "id": "vpce-06857eec5cfaba2e5",
            "network_interface_ids": [
              "eni-0622939a516eb6bc4"
            ],
            "owner_id": "674867276416",
            "policy": "{\"Statement\":[{\"Action\":\"*\",\"Effect\":\"Allow\",\"Principal\":\"*\",\"Resource\":\"*\"}]}",
            "prefix_list_id": null,
            "private_dns_enabled": false,
            "requester_managed": false,
            "route_table_ids": [],
            "security_group_ids": [
              "sg-02d44fbfa07966579"
            ],
            "service_name": "com.amazonaws.vpce.eu-central-1.vpce-svc-08e5dfca9572c85c4",
            "state": "available",
            "subnet_ids": [
              "subnet-005e2ccfd7666a83c"
            ],
            "tags": {},
            "tags_all": {},
            "timeouts": null,
            "vpc_endpoint_type": "Interface",
            "vpc_id": "vpc-02968c7d84070f1c3"
          },
          "sensitive_attributes": [],
          "private": "eyJlMmJmYjczMC1lY2FhLTExZTYtOGY4OC0zNDM2M2JjN2M0YzAiOnsiY3JlYXRlIjo2MDAwMDAwMDAwMDAsImRlbGV0ZSI6NjAwMDAwMDAwMDAwLCJ1cGRhdGUiOjYwMDAwMDAwMDAwMH19",
          "dependencies": [
            "aws_security_group.dataplane_vpce",
            "aws_subnet.dataplane_vpce",
            "data.aws_subnet.ws_vpc_subnets",
            "data.aws_vpc.prod"
          ]
        }
      ]
    },
    {
      "mode": "managed",
      "type": "databricks_mws_credentials",
      "name": "this",
      "provider": "provider[\"registry.terraform.io/databricks/databricks\"].mws",
      "instances": [
        {
          "schema_version": 0,
          "attributes": {
            "account_id": "740fef99-74af-4c9e-b562-0936b973b0e2",
            "creation_time": 1663791880928,
            "credentials_id": "e36579a7-fbdc-43e0-9b85-bc907781e329",
            "credentials_name": "private-link-ws-credentials",
            "external_id": "740fef99-74af-4c9e-b562-0936b973b0e2",
            "id": "740fef99-74af-4c9e-b562-0936b973b0e2/e36579a7-fbdc-43e0-9b85-bc907781e329",
            "role_arn": "arn:aws:iam::674867276416:role/db-612d39548330813b326228598d55576b-iam-role"
          },
          "sensitive_attributes": [],
          "private": "bnVsbA=="
        }
      ]
    },
    {
      "mode": "managed",
      "type": "databricks_mws_networks",
      "name": "this",
      "provider": "provider[\"registry.terraform.io/databricks/databricks\"].mws",
      "instances": [
        {
          "schema_version": 0,
          "attributes": {
            "account_id": "740fef99-74af-4c9e-b562-0936b973b0e2",
            "creation_time": 1663855088504,
            "error_messages": [],
            "id": "740fef99-74af-4c9e-b562-0936b973b0e2/117abe2e-2ff6-4519-9ce9-d4d9a5e5077d",
            "network_id": "117abe2e-2ff6-4519-9ce9-d4d9a5e5077d",
            "network_name": "private-link-ws-network",
            "security_group_ids": [
              "sg-0d6c2fe3b2861648d"
            ],
            "subnet_ids": [
              "subnet-03aa8dd090afaf1cb",
              "subnet-0d9a110072bbf0282"
            ],
            "vpc_endpoints": [
              {
                "dataplane_relay": [
                  "a94fef0f-41ee-4f0c-a79f-2df8cdef2aa8"
                ],
                "rest_api": [
                  "7e878bdb-bfef-46d6-a49f-a2f81205b949"
                ]
              }
            ],
            "vpc_id": "vpc-02968c7d84070f1c3",
            "vpc_status": "UNATTACHED",
            "workspace_id": 0
          },
          "sensitive_attributes": [],
          "private": "bnVsbA==",
          "dependencies": [
            "aws_security_group.dataplane_vpce",
            "aws_subnet.dataplane_vpce",
            "aws_vpc_endpoint.backend_rest",
            "aws_vpc_endpoint.relay",
            "data.aws_subnet.ws_vpc_subnets",
            "data.aws_vpc.prod",
            "databricks_mws_vpc_endpoint.backend_rest_vpce",
            "databricks_mws_vpc_endpoint.relay"
          ]
        }
      ]
    },
    {
      "mode": "managed",
      "type": "databricks_mws_private_access_settings",
      "name": "pas",
      "provider": "provider[\"registry.terraform.io/databricks/databricks\"].mws",
      "instances": [
        {
          "schema_version": 0,
          "attributes": {
            "account_id": "740fef99-74af-4c9e-b562-0936b973b0e2",
            "allowed_vpc_endpoint_ids": null,
            "id": "740fef99-74af-4c9e-b562-0936b973b0e2/f17dde13-77e9-4f37-b539-2d6b5ca158fa",
            "private_access_level": "ACCOUNT",
            "private_access_settings_id": "f17dde13-77e9-4f37-b539-2d6b5ca158fa",
            "private_access_settings_name": "Private Access Settings for private-link-ws",
            "public_access_enabled": true,
            "region": "eu-central-1",
            "status": null
          },
          "sensitive_attributes": [],
          "private": "bnVsbA=="
        }
      ]
    },
    {
      "mode": "managed",
      "type": "databricks_mws_storage_configurations",
      "name": "this",
      "provider": "provider[\"registry.terraform.io/databricks/databricks\"].mws",
      "instances": [
        {
          "schema_version": 0,
          "attributes": {
            "account_id": "740fef99-74af-4c9e-b562-0936b973b0e2",
            "bucket_name": "private-link-ws-rootbucket-bidule",
            "creation_time": 1663791749317,
            "id": "740fef99-74af-4c9e-b562-0936b973b0e2/b50609a8-a908-4cf6-b35d-339387828257",
            "storage_configuration_id": "b50609a8-a908-4cf6-b35d-339387828257",
            "storage_configuration_name": "private-link-ws-storage"
          },
          "sensitive_attributes": [],
          "private": "bnVsbA==",
          "dependencies": [
            "aws_s3_bucket.root_storage_bucket"
          ]
        }
      ]
    },
    {
      "mode": "managed",
      "type": "databricks_mws_vpc_endpoint",
      "name": "backend_rest_vpce",
      "provider": "provider[\"registry.terraform.io/databricks/databricks\"].mws",
      "instances": [
        {
          "schema_version": 0,
          "attributes": {
            "account_id": "740fef99-74af-4c9e-b562-0936b973b0e2",
            "aws_account_id": "674867276416",
            "aws_endpoint_service_id": "vpce-svc-081f78503812597f7",
            "aws_vpc_endpoint_id": "vpce-050fe80cac67be87d",
            "id": "740fef99-74af-4c9e-b562-0936b973b0e2/7e878bdb-bfef-46d6-a49f-a2f81205b949",
            "region": "eu-central-1",
            "state": "available",
            "use_case": "WORKSPACE_ACCESS",
            "vpc_endpoint_id": "7e878bdb-bfef-46d6-a49f-a2f81205b949",
            "vpc_endpoint_name": "private-link-ws-vpc-backend-vpc-02968c7d84070f1c3"
          },
          "sensitive_attributes": [],
          "private": "bnVsbA==",
          "dependencies": [
            "aws_security_group.dataplane_vpce",
            "aws_subnet.dataplane_vpce",
            "aws_vpc_endpoint.backend_rest",
            "data.aws_subnet.ws_vpc_subnets",
            "data.aws_vpc.prod"
          ]
        }
      ]
    },
    {
      "mode": "managed",
      "type": "databricks_mws_vpc_endpoint",
      "name": "relay",
      "provider": "provider[\"registry.terraform.io/databricks/databricks\"].mws",
      "instances": [
        {
          "schema_version": 0,
          "attributes": {
            "account_id": "740fef99-74af-4c9e-b562-0936b973b0e2",
            "aws_account_id": "674867276416",
            "aws_endpoint_service_id": "vpce-svc-08e5dfca9572c85c4",
            "aws_vpc_endpoint_id": "vpce-06857eec5cfaba2e5",
            "id": "740fef99-74af-4c9e-b562-0936b973b0e2/a94fef0f-41ee-4f0c-a79f-2df8cdef2aa8",
            "region": "eu-central-1",
            "state": "available",
            "use_case": "DATAPLANE_RELAY_ACCESS",
            "vpc_endpoint_id": "a94fef0f-41ee-4f0c-a79f-2df8cdef2aa8",
            "vpc_endpoint_name": "private-link-ws-vpc-relay-vpc-02968c7d84070f1c3"
          },
          "sensitive_attributes": [],
          "private": "bnVsbA==",
          "dependencies": [
            "aws_security_group.dataplane_vpce",
            "aws_subnet.dataplane_vpce",
            "aws_vpc_endpoint.relay",
            "data.aws_subnet.ws_vpc_subnets",
            "data.aws_vpc.prod"
          ]
        }
      ]
    },
    {
      "mode": "managed",
      "type": "databricks_mws_workspaces",
      "name": "this",
      "provider": "provider[\"registry.terraform.io/databricks/databricks\"].mws",
      "instances": [
        {
          "schema_version": 2,
          "attributes": {
            "account_id": "740fef99-74af-4c9e-b562-0936b973b0e2",
            "aws_region": "eu-central-1",
            "cloud": null,
            "cloud_resource_bucket": [],
            "creation_time": 1663856048581,
            "credentials_id": "e36579a7-fbdc-43e0-9b85-bc907781e329",
            "customer_managed_key_id": null,
            "deployment_name": "dbc-bbfef816-9cd6",
            "external_customer_info": [],
            "id": "740fef99-74af-4c9e-b562-0936b973b0e2/2308580975354876",
            "is_no_public_ip_enabled": true,
            "location": null,
            "managed_services_customer_managed_key_id": null,
            "network": [],
            "network_id": "117abe2e-2ff6-4519-9ce9-d4d9a5e5077d",
            "pricing_tier": "ENTERPRISE",
            "private_access_settings_id": "f17dde13-77e9-4f37-b539-2d6b5ca158fa",
            "storage_configuration_id": "b50609a8-a908-4cf6-b35d-339387828257",
            "storage_customer_managed_key_id": null,
            "timeouts": null,
            "token": [],
            "workspace_id": 2308580975354876,
            "workspace_name": "private-link-ws",
            "workspace_status": "RUNNING",
            "workspace_status_message": "Workspace is running.",
            "workspace_url": "https://dbc-bbfef816-9cd6.cloud.databricks.com"
          },
          "sensitive_attributes": [],
          "private": "eyJlMmJmYjczMC1lY2FhLTExZTYtOGY4OC0zNDM2M2JjN2M0YzAiOnsiY3JlYXRlIjoxMjAwMDAwMDAwMDAwLCJyZWFkIjoxMjAwMDAwMDAwMDAwLCJ1cGRhdGUiOjEyMDAwMDAwMDAwMDB9LCJzY2hlbWFfdmVyc2lvbiI6IjIifQ==",
          "dependencies": [
            "aws_s3_bucket.root_storage_bucket",
            "aws_security_group.dataplane_vpce",
            "aws_subnet.dataplane_vpce",
            "aws_vpc_endpoint.backend_rest",
            "aws_vpc_endpoint.relay",
            "data.aws_subnet.ws_vpc_subnets",
            "data.aws_vpc.prod",
            "databricks_mws_credentials.this",
            "databricks_mws_networks.this",
            "databricks_mws_private_access_settings.pas",
            "databricks_mws_storage_configurations.this",
            "databricks_mws_vpc_endpoint.backend_rest_vpce",
            "databricks_mws_vpc_endpoint.relay"
          ]
        }
      ]
    }
  ],
  "check_results": []
}
